
Microsoft Visual Studio Solution File, Format Version 12.00
# Visual Studio Version 17
VisualStudioVersion = 17.13.35806.99
MinimumVisualStudioVersion = 10.0.40219.1
Project("{2150E333-8FDC-42A3-9474-1A3956D46DE8}") = "API", "API", "{02EA681E-C7D8-13C7-8484-4AC65E1B71E8}"
EndProject
Project("{FAE04EC0-301F-11D3-BF4B-00C04F79EFBC}") = "Application", "Application\Application.csproj", "{9BE10768-C2B6-4683-A8C5-FA4A7ACCDA1D}"
EndProject
Project("{FAE04EC0-301F-11D3-BF4B-00C04F79EFBC}") = "Domain", "Domain\Domain.csproj", "{8C1729A7-3406-4A9A-BBCB-F34594DF0198}"
EndProject
Project("{FAE04EC0-301F-11D3-BF4B-00C04F79EFBC}") = "Infrastructure", "Infrastructure\Infrastructure.csproj", "{DC541FC8-216C-4D29-A3DA-A59CD0BB1FC3}"
EndProject
Project("{FAE04EC0-301F-11D3-BF4B-00C04F79EFBC}") = "WebAPI", "WebAPI\WebAPI.csproj", "{EEF47303-77B6-4225-8E5E-62826919CA05}"
EndProject
Global
	GlobalSection(SolutionConfigurationPlatforms) = preSolution
		Debug|Any CPU = Debug|Any CPU
		Release|Any CPU = Release|Any CPU
	EndGlobalSection
	GlobalSection(ProjectConfigurationPlatforms) = postSolution
		{9BE10768-C2B6-4683-A8C5-FA4A7ACCDA1D}.Debug|Any CPU.ActiveCfg = Debug|Any CPU
		{9BE10768-C2B6-4683-A8C5-FA4A7ACCDA1D}.Debug|Any CPU.Build.0 = Debug|Any CPU
		{9BE10768-C2B6-4683-A8C5-FA4A7ACCDA1D}.Release|Any CPU.ActiveCfg = Release|Any CPU
		{9BE10768-C2B6-4683-A8C5-FA4A7ACCDA1D}.Release|Any CPU.Build.0 = Release|Any CPU
		{8C1729A7-3406-4A9A-BBCB-F34594DF0198}.Debug|Any CPU.ActiveCfg = Debug|Any CPU
		{8C1729A7-3406-4A9A-BBCB-F34594DF0198}.Debug|Any CPU.Build.0 = Debug|Any CPU
		{8C1729A7-3406-4A9A-BBCB-F34594DF0198}.Release|Any CPU.ActiveCfg = Release|Any CPU
		{8C1729A7-3406-4A9A-BBCB-F34594DF0198}.Release|Any CPU.Build.0 = Release|Any CPU
		{DC541FC8-216C-4D29-A3DA-A59CD0BB1FC3}.Debug|Any CPU.ActiveCfg = Debug|Any CPU
		{DC541FC8-216C-4D29-A3DA-A59CD0BB1FC3}.Debug|Any CPU.Build.0 = Debug|Any CPU
		{DC541FC8-216C-4D29-A3DA-A59CD0BB1FC3}.Release|Any CPU.ActiveCfg = Release|Any CPU
		{DC541FC8-216C-4D29-A3DA-A59CD0BB1FC3}.Release|Any CPU.Build.0 = Release|Any CPU
		{EEF47303-77B6-4225-8E5E-62826919CA05}.Debug|Any CPU.ActiveCfg = Debug|Any CPU
		{EEF47303-77B6-4225-8E5E-62826919CA05}.Debug|Any CPU.Build.0 = Debug|Any CPU
		{EEF47303-77B6-4225-8E5E-62826919CA05}.Release|Any CPU.ActiveCfg = Release|Any CPU
		{EEF47303-77B6-4225-8E5E-62826919CA05}.Release|Any CPU.Build.0 = Release|Any CPU
	EndGlobalSection
	GlobalSection(SolutionProperties) = preSolution
		HideSolutionNode = FALSE
	EndGlobalSection
	GlobalSection(NestedProjects) = preSolution
		{9BE10768-C2B6-4683-A8C5-FA4A7ACCDA1D} = {02EA681E-C7D8-13C7-8484-4AC65E1B71E8}
		{8C1729A7-3406-4A9A-BBCB-F34594DF0198} = {02EA681E-C7D8-13C7-8484-4AC65E1B71E8}
		{DC541FC8-216C-4D29-A3DA-A59CD0BB1FC3} = {02EA681E-C7D8-13C7-8484-4AC65E1B71E8}
		{EEF47303-77B6-4225-8E5E-62826919CA05} = {02EA681E-C7D8-13C7-8484-4AC65E1B71E8}
	EndGlobalSection
	GlobalSection(ExtensibilityGlobals) = postSolution
		SolutionGuid = {CDE24E59-11CE-4549-8E39-592F740C6150}
	EndGlobalSection
EndGlobal
